
Microsoft Visual Studio Solution File, Format Version 12.00
# Visual Studio Version 16
VisualStudioVersion = 16.0.30330.147
MinimumVisualStudioVersion = 10.0.40219.1
Project("{FAE04EC0-301F-11D3-BF4B-00C04F79EFBC}") = "BlueBook", "..\BlueBook\BlueBook.csproj", "{44139392-47CE-4174-8767-8F0C8B11F459}"
EndProject
Global
	GlobalSection(SolutionConfigurationPlatforms) = preSolution
		Debug|Any CPU = Debug|Any CPU
		Release|Any CPU = Release|Any CPU
	EndGlobalSection
	GlobalSection(ProjectConfigurationPlatforms) = postSolution
		{44139392-47CE-4174-8767-8F0C8B11F459}.Debug|Any CPU.ActiveCfg = Debug|Any CPU
		{44139392-47CE-4174-8767-8F0C8B11F459}.Debug|Any CPU.Build.0 = Debug|Any CPU
		{44139392-47CE-4174-8767-8F0C8B11F459}.Release|Any CPU.ActiveCfg = Release|Any CPU
		{44139392-47CE-4174-8767-8F0C8B11F459}.Release|Any CPU.Build.0 = Release|Any CPU
		{4BF2DD16-A616-4E9B-9495-7425B3B2524B}.Debug|Any CPU.ActiveCfg = Debug|Any CPU
		{4BF2DD16-A616-4E9B-9495-7425B3B2524B}.Debug|Any CPU.Build.0 = Debug|Any CPU
		{4BF2DD16-A616-4E9B-9495-7425B3B2524B}.Release|Any CPU.ActiveCfg = Release|Any CPU
		{4BF2DD16-A616-4E9B-9495-7425B3B2524B}.Release|Any CPU.Build.0 = Release|Any CPU
	EndGlobalSection
	GlobalSection(SolutionProperties) = preSolution
		HideSolutionNode = FALSE
	EndGlobalSection
	GlobalSection(ExtensibilityGlobals) = postSolution
		SolutionGuid = {7408B123-98D7-45B7-B616-0A84E44CCE54}
	EndGlobalSection
EndGlobal
